
Microsoft Visual Studio Solution File, Format Version 12.00
# Visual Studio 15
VisualStudioVersion = 15.0.28307.489
MinimumVisualStudioVersion = 10.0.40219.1
Project("{FAE04EC0-301F-11D3-BF4B-00C04F79EFBC}") = "RemoteMiner", "RemoteMinerSmall\RemoteMiner.csproj", "{0A9781D1-64F3-4BCB-B90F-A074E0388602}"
EndProject
Global
	GlobalSection(SolutionConfigurationPlatforms) = preSolution
		Debug|x64 = Debug|x64
	EndGlobalSection
	GlobalSection(ProjectConfigurationPlatforms) = postSolution
		{0A9781D1-64F3-4BCB-B90F-A074E0388602}.Debug|x64.ActiveCfg = Debug|x64
		{0A9781D1-64F3-4BCB-B90F-A074E0388602}.Debug|x64.Build.0 = Debug|x64
	EndGlobalSection
	GlobalSection(SolutionProperties) = preSolution
		HideSolutionNode = FALSE
	EndGlobalSection
	GlobalSection(ExtensibilityGlobals) = postSolution
		SolutionGuid = {007EA4C8-87A6-4E8B-8E56-057976062811}
	EndGlobalSection
EndGlobal
